
Microsoft Visual Studio Solution File, Format Version 12.00
# Visual Studio 15
VisualStudioVersion = 15.0.28307.1972
MinimumVisualStudioVersion = 10.0.40219.1
Project("{FAE04EC0-301F-11D3-BF4B-00C04F79EFBC}") = "Adam_Mischke_zadanie", "Adam_Mischke_zadanie\Adam_Mischke_zadanie.csproj", "{4D7DFC85-C5EF-4E0A-80D0-13229AF6D34E}"
EndProject
Global
	GlobalSection(SolutionConfigurationPlatforms) = preSolution
		Debug|Any CPU = Debug|Any CPU
		Release|Any CPU = Release|Any CPU
	EndGlobalSection
	GlobalSection(ProjectConfigurationPlatforms) = postSolution
		{4D7DFC85-C5EF-4E0A-80D0-13229AF6D34E}.Debug|Any CPU.ActiveCfg = Debug|Any CPU
		{4D7DFC85-C5EF-4E0A-80D0-13229AF6D34E}.Debug|Any CPU.Build.0 = Debug|Any CPU
		{4D7DFC85-C5EF-4E0A-80D0-13229AF6D34E}.Release|Any CPU.ActiveCfg = Release|Any CPU
		{4D7DFC85-C5EF-4E0A-80D0-13229AF6D34E}.Release|Any CPU.Build.0 = Release|Any CPU
	EndGlobalSection
	GlobalSection(SolutionProperties) = preSolution
		HideSolutionNode = FALSE
	EndGlobalSection
	GlobalSection(ExtensibilityGlobals) = postSolution
		SolutionGuid = {6BE12CED-7D5C-40FC-9423-82C2F5BE3153}
	EndGlobalSection
EndGlobal
